// !$*UTF8*$!
{
	archiveVersion = 1;
	classes = {
	};
	objectVersion = 48;
	objects = {

/* Begin PBXBuildFile section */
		4BBD766A1FC219FB00232BDA /* AppDelegate.swift in Sources */ = {isa = PBXBuildFile; fileRef = 4BBD76691FC219FB00232BDA /* AppDelegate.swift */; };
		4BBD766C1FC219FB00232BDA /* ViewController.swift in Sources */ = {isa = PBXBuildFile; fileRef = 4BBD766B1FC219FB00232BDA /* ViewController.swift */; };
		4BBD766F1FC219FB00232BDA /* Main.storyboard in Resources */ = {isa = PBXBuildFile; fileRef = 4BBD766D1FC219FB00232BDA /* Main.storyboard */; };
		4BBD76711FC219FB00232BDA /* Assets.xcassets in Resources */ = {isa = PBXBuildFile; fileRef = 4BBD76701FC219FB00232BDA /* Assets.xcassets */; };
		4BBD76741FC219FB00232BDA /* LaunchScreen.storyboard in Resources */ = {isa = PBXBuildFile; fileRef = 4BBD76721FC219FB00232BDA /* LaunchScreen.storyboard */; };
		4BBD767D1FC227C800232BDA /* BorderButton.swift in Sources */ = {isa = PBXBuildFile; fileRef = 4BBD767C1FC227C800232BDA /* BorderButton.swift */; };
		4BBD768D1FC22BE000232BDA /* Roboto-BoldCondensed.ttf in Resources */ = {isa = PBXBuildFile; fileRef = 4BBD767F1FC22BDD00232BDA /* Roboto-BoldCondensed.ttf */; };
		4BBD768E1FC22BE000232BDA /* Roboto-Light.ttf in Resources */ = {isa = PBXBuildFile; fileRef = 4BBD76801FC22BDE00232BDA /* Roboto-Light.ttf */; };
		4BBD768F1FC22BE000232BDA /* Roboto-Condensed.ttf in Resources */ = {isa = PBXBuildFile; fileRef = 4BBD76811FC22BDE00232BDA /* Roboto-Condensed.ttf */; };
		4BBD76901FC22BE000232BDA /* Roboto-MediumItalic.ttf in Resources */ = {isa = PBXBuildFile; fileRef = 4BBD76821FC22BDE00232BDA /* Roboto-MediumItalic.ttf */; };
		4BBD76911FC22BE000232BDA /* Roboto-BoldItalic.ttf in Resources */ = {isa = PBXBuildFile; fileRef = 4BBD76831FC22BDE00232BDA /* Roboto-BoldItalic.ttf */; };
		4BBD76921FC22BE000232BDA /* Roboto-ThinItalic.ttf in Resources */ = {isa = PBXBuildFile; fileRef = 4BBD76841FC22BDE00232BDA /* Roboto-ThinItalic.ttf */; };
		4BBD76931FC22BE000232BDA /* Roboto-Italic.ttf in Resources */ = {isa = PBXBuildFile; fileRef = 4BBD76851FC22BDE00232BDA /* Roboto-Italic.ttf */; };
		4BBD76941FC22BE000232BDA /* Roboto-Medium.ttf in Resources */ = {isa = PBXBuildFile; fileRef = 4BBD76861FC22BDF00232BDA /* Roboto-Medium.ttf */; };
		4BBD76951FC22BE000232BDA /* Roboto-Thin.ttf in Resources */ = {isa = PBXBuildFile; fileRef = 4BBD76871FC22BDF00232BDA /* Roboto-Thin.ttf */; };
		4BBD76961FC22BE000232BDA /* Roboto-Regular.ttf in Resources */ = {isa = PBXBuildFile; fileRef = 4BBD76881FC22BDF00232BDA /* Roboto-Regular.ttf */; };
		4BBD76971FC22BE000232BDA /* Roboto-BlackItalic.ttf in Resources */ = {isa = PBXBuildFile; fileRef = 4BBD76891FC22BDF00232BDA /* Roboto-BlackItalic.ttf */; };
		4BBD76981FC22BE000232BDA /* Roboto-LightItalic.ttf in Resources */ = {isa = PBXBuildFile; fileRef = 4BBD768A1FC22BDF00232BDA /* Roboto-LightItalic.ttf */; };
		4BBD76991FC22BE000232BDA /* Roboto-Black.ttf in Resources */ = {isa = PBXBuildFile; fileRef = 4BBD768B1FC22BDF00232BDA /* Roboto-Black.ttf */; };
		4BBD769A1FC22BE000232BDA /* Roboto-Bold.ttf in Resources */ = {isa = PBXBuildFile; fileRef = 4BBD768C1FC22BDF00232BDA /* Roboto-Bold.ttf */; };
/* End PBXBuildFile section */

/* Begin PBXFileReference section */
		4BBD76661FC219FB00232BDA /* swoosh.app */ = {isa = PBXFileReference; explicitFileType = wrapper.application; includeInIndex = 0; path = swoosh.app; sourceTree = BUILT_PRODUCTS_DIR; };
		4BBD76691FC219FB00232BDA /* AppDelegate.swift */ = {isa = PBXFileReference; lastKnownFileType = sourcecode.swift; path = AppDelegate.swift; sourceTree = "<group>"; };
		4BBD766B1FC219FB00232BDA /* ViewController.swift */ = {isa = PBXFileReference; lastKnownFileType = sourcecode.swift; path = ViewController.swift; sourceTree = "<group>"; };
		4BBD766E1FC219FB00232BDA /* Base */ = {isa = PBXFileReference; lastKnownFileType = file.storyboard; name = Base; path = Base.lproj/Main.storyboard; sourceTree = "<group>"; };
		4BBD76701FC219FB00232BDA /* Assets.xcassets */ = {isa = PBXFileReference; lastKnownFileType = folder.assetcatalog; path = Assets.xcassets; sourceTree = "<group>"; };
		4BBD76731FC219FB00232BDA /* Base */ = {isa = PBXFileReference; lastKnownFileType = file.storyboard; name = Base; path = Base.lproj/LaunchScreen.storyboard; sourceTree = "<group>"; };
		4BBD76751FC219FB00232BDA /* Info.plist */ = {isa = PBXFileReference; lastKnownFileType = text.plist.xml; path = Info.plist; sourceTree = "<group>"; };
		4BBD767C1FC227C800232BDA /* BorderButton.swift */ = {isa = PBXFileReference; lastKnownFileType = sourcecode.swift; path = BorderButton.swift; sourceTree = "<group>"; };
		4BBD767F1FC22BDD00232BDA /* Roboto-BoldCondensed.ttf */ = {isa = PBXFileReference; lastKnownFileType = file; path = "Roboto-BoldCondensed.ttf"; sourceTree = "<group>"; };
		4BBD76801FC22BDE00232BDA /* Roboto-Light.ttf */ = {isa = PBXFileReference; lastKnownFileType = file; path = "Roboto-Light.ttf"; sourceTree = "<group>"; };
		4BBD76811FC22BDE00232BDA /* Roboto-Condensed.ttf */ = {isa = PBXFileReference; lastKnownFileType = file; path = "Roboto-Condensed.ttf"; sourceTree = "<group>"; };
		4BBD76821FC22BDE00232BDA /* Roboto-MediumItalic.ttf */ = {isa = PBXFileReference; lastKnownFileType = file; path = "Roboto-MediumItalic.ttf"; sourceTree = "<group>"; };
		4BBD76831FC22BDE00232BDA /* Roboto-BoldItalic.ttf */ = {isa = PBXFileReference; lastKnownFileType = file; path = "Roboto-BoldItalic.ttf"; sourceTree = "<group>"; };
		4BBD76841FC22BDE00232BDA /* Roboto-ThinItalic.ttf */ = {isa = PBXFileReference; lastKnownFileType = file; path = "Roboto-ThinItalic.ttf"; sourceTree = "<group>"; };
		4BBD76851FC22BDE00232BDA /* Roboto-Italic.ttf */ = {isa = PBXFileReference; lastKnownFileType = file; path = "Roboto-Italic.ttf"; sourceTree = "<group>"; };
		4BBD76861FC22BDF00232BDA /* Roboto-Medium.ttf */ = {isa = PBXFileReference; lastKnownFileType = file; path = "Roboto-Medium.ttf"; sourceTree = "<group>"; };
		4BBD76871FC22BDF00232BDA /* Roboto-Thin.ttf */ = {isa = PBXFileReference; lastKnownFileType = file; path = "Roboto-Thin.ttf"; sourceTree = "<group>"; };
		4BBD76881FC22BDF00232BDA /* Roboto-Regular.ttf */ = {isa = PBXFileReference; lastKnownFileType = file; path = "Roboto-Regular.ttf"; sourceTree = "<group>"; };
		4BBD76891FC22BDF00232BDA /* Roboto-BlackItalic.ttf */ = {isa = PBXFileReference; lastKnownFileType = file; path = "Roboto-BlackItalic.ttf"; sourceTree = "<group>"; };
		4BBD768A1FC22BDF00232BDA /* Roboto-LightItalic.ttf */ = {isa = PBXFileReference; lastKnownFileType = file; path = "Roboto-LightItalic.ttf"; sourceTree = "<group>"; };
		4BBD768B1FC22BDF00232BDA /* Roboto-Black.ttf */ = {isa = PBXFileReference; lastKnownFileType = file; path = "Roboto-Black.ttf"; sourceTree = "<group>"; };
		4BBD768C1FC22BDF00232BDA /* Roboto-Bold.ttf */ = {isa = PBXFileReference; lastKnownFileType = file; path = "Roboto-Bold.ttf"; sourceTree = "<group>"; };
/* End PBXFileReference section */

/* Begin PBXFrameworksBuildPhase section */
		4BBD76631FC219FB00232BDA /* Frameworks */ = {
			isa = PBXFrameworksBuildPhase;
			buildActionMask = 2147483647;
			files = (
			);
			runOnlyForDeploymentPostprocessing = 0;
		};
/* End PBXFrameworksBuildPhase section */

/* Begin PBXGroup section */
		4BBD765D1FC219FB00232BDA = {
			isa = PBXGroup;
			children = (
				4BBD76681FC219FB00232BDA /* swoosh */,
				4BBD76671FC219FB00232BDA /* Products */,
			);
			sourceTree = "<group>";
		};
		4BBD76671FC219FB00232BDA /* Products */ = {
			isa = PBXGroup;
			children = (
				4BBD76661FC219FB00232BDA /* swoosh.app */,
			);
			name = Products;
			sourceTree = "<group>";
		};
		4BBD76681FC219FB00232BDA /* swoosh */ = {
			isa = PBXGroup;
			children = (
				4BBD767E1FC22BAF00232BDA /* Roboto */,
				4BBD767B1FC2274300232BDA /* Views */,
				4BBD76691FC219FB00232BDA /* AppDelegate.swift */,
				4BBD766B1FC219FB00232BDA /* ViewController.swift */,
				4BBD766D1FC219FB00232BDA /* Main.storyboard */,
				4BBD76701FC219FB00232BDA /* Assets.xcassets */,
				4BBD76721FC219FB00232BDA /* LaunchScreen.storyboard */,
				4BBD76751FC219FB00232BDA /* Info.plist */,
			);
			path = swoosh;
			sourceTree = "<group>";
		};
		4BBD767B1FC2274300232BDA /* Views */ = {
			isa = PBXGroup;
			children = (
				4BBD767C1FC227C800232BDA /* BorderButton.swift */,
			);
			path = Views;
			sourceTree = "<group>";
		};
		4BBD767E1FC22BAF00232BDA /* Roboto */ = {
			isa = PBXGroup;
			children = (
				4BBD768B1FC22BDF00232BDA /* Roboto-Black.ttf */,
				4BBD76891FC22BDF00232BDA /* Roboto-BlackItalic.ttf */,
				4BBD768C1FC22BDF00232BDA /* Roboto-Bold.ttf */,
				4BBD767F1FC22BDD00232BDA /* Roboto-BoldCondensed.ttf */,
				4BBD76831FC22BDE00232BDA /* Roboto-BoldItalic.ttf */,
				4BBD76811FC22BDE00232BDA /* Roboto-Condensed.ttf */,
				4BBD76851FC22BDE00232BDA /* Roboto-Italic.ttf */,
				4BBD76801FC22BDE00232BDA /* Roboto-Light.ttf */,
				4BBD768A1FC22BDF00232BDA /* Roboto-LightItalic.ttf */,
				4BBD76861FC22BDF00232BDA /* Roboto-Medium.ttf */,
				4BBD76821FC22BDE00232BDA /* Roboto-MediumItalic.ttf */,
				4BBD76881FC22BDF00232BDA /* Roboto-Regular.ttf */,
				4BBD76871FC22BDF00232BDA /* Roboto-Thin.ttf */,
				4BBD76841FC22BDE00232BDA /* Roboto-ThinItalic.ttf */,
			);
			path = Roboto;
			sourceTree = "<group>";
		};
/* End PBXGroup section */

/* Begin PBXNativeTarget section */
		4BBD76651FC219FB00232BDA /* swoosh */ = {
			isa = PBXNativeTarget;
			buildConfigurationList = 4BBD76781FC219FB00232BDA /* Build configuration list for PBXNativeTarget "swoosh" */;
			buildPhases = (
				4BBD76621FC219FB00232BDA /* Sources */,
				4BBD76631FC219FB00232BDA /* Frameworks */,
				4BBD76641FC219FB00232BDA /* Resources */,
			);
			buildRules = (
			);
			dependencies = (
			);
			name = swoosh;
			productName = swoosh;
			productReference = 4BBD76661FC219FB00232BDA /* swoosh.app */;
			productType = "com.apple.product-type.application";
		};
/* End PBXNativeTarget section */

/* Begin PBXProject section */
		4BBD765E1FC219FB00232BDA /* Project object */ = {
			isa = PBXProject;
			attributes = {
				LastSwiftUpdateCheck = 0910;
				LastUpgradeCheck = 0910;
				ORGANIZATIONNAME = Zuehlke;
				TargetAttributes = {
					4BBD76651FC219FB00232BDA = {
						CreatedOnToolsVersion = 9.1;
						ProvisioningStyle = Automatic;
					};
				};
			};
			buildConfigurationList = 4BBD76611FC219FB00232BDA /* Build configuration list for PBXProject "swoosh" */;
			compatibilityVersion = "Xcode 8.0";
			developmentRegion = en;
			hasScannedForEncodings = 0;
			knownRegions = (
				en,
				Base,
			);
			mainGroup = 4BBD765D1FC219FB00232BDA;
			productRefGroup = 4BBD76671FC219FB00232BDA /* Products */;
			projectDirPath = "";
			projectRoot = "";
			targets = (
				4BBD76651FC219FB00232BDA /* swoosh */,
			);
		};
/* End PBXProject section */

/* Begin PBXResourcesBuildPhase section */
		4BBD76641FC219FB00232BDA /* Resources */ = {
			isa = PBXResourcesBuildPhase;
			buildActionMask = 2147483647;
			files = (
				4BBD76741FC219FB00232BDA /* LaunchScreen.storyboard in Resources */,
				4BBD76711FC219FB00232BDA /* Assets.xcassets in Resources */,
				4BBD76981FC22BE000232BDA /* Roboto-LightItalic.ttf in Resources */,
				4BBD76911FC22BE000232BDA /* Roboto-BoldItalic.ttf in Resources */,
				4BBD76971FC22BE000232BDA /* Roboto-BlackItalic.ttf in Resources */,
				4BBD768E1FC22BE000232BDA /* Roboto-Light.ttf in Resources */,
				4BBD769A1FC22BE000232BDA /* Roboto-Bold.ttf in Resources */,
				4BBD768D1FC22BE000232BDA /* Roboto-BoldCondensed.ttf in Resources */,
				4BBD76901FC22BE000232BDA /* Roboto-MediumItalic.ttf in Resources */,
				4BBD76921FC22BE000232BDA /* Roboto-ThinItalic.ttf in Resources */,
				4BBD76931FC22BE000232BDA /* Roboto-Italic.ttf in Resources */,
				4BBD76951FC22BE000232BDA /* Roboto-Thin.ttf in Resources */,
				4BBD76991FC22BE000232BDA /* Roboto-Black.ttf in Resources */,
				4BBD76941FC22BE000232BDA /* Roboto-Medium.ttf in Resources */,
				4BBD76961FC22BE000232BDA /* Roboto-Regular.ttf in Resources */,
				4BBD766F1FC219FB00232BDA /* Main.storyboard in Resources */,
				4BBD768F1FC22BE000232BDA /* Roboto-Condensed.ttf in Resources */,
			);
			runOnlyForDeploymentPostprocessing = 0;
		};
/* End PBXResourcesBuildPhase section */

/* Begin PBXSourcesBuildPhase section */
		4BBD76621FC219FB00232BDA /* Sources */ = {
			isa = PBXSourcesBuildPhase;
			buildActionMask = 2147483647;
			files = (
				4BBD766C1FC219FB00232BDA /* ViewController.swift in Sources */,
				4BBD766A1FC219FB00232BDA /* AppDelegate.swift in Sources */,
				4BBD767D1FC227C800232BDA /* BorderButton.swift in Sources */,
			);
			runOnlyForDeploymentPostprocessing = 0;
		};
/* End PBXSourcesBuildPhase section */

/* Begin PBXVariantGroup section */
		4BBD766D1FC219FB00232BDA /* Main.storyboard */ = {
			isa = PBXVariantGroup;
			children = (
				4BBD766E1FC219FB00232BDA /* Base */,
			);
			name = Main.storyboard;
			sourceTree = "<group>";
		};
		4BBD76721FC219FB00232BDA /* LaunchScreen.storyboard */ = {
			isa = PBXVariantGroup;
			children = (
				4BBD76731FC219FB00232BDA /* Base */,
			);
			name = LaunchScreen.storyboard;
			sourceTree = "<group>";
		};
/* End PBXVariantGroup section */

/* Begin XCBuildConfiguration section */
		4BBD76761FC219FB00232BDA /* Debug */ = {
			isa = XCBuildConfiguration;
			buildSettings = {
				ALWAYS_SEARCH_USER_PATHS = NO;
				CLANG_ANALYZER_NONNULL = YES;
				CLANG_ANALYZER_NUMBER_OBJECT_CONVERSION = YES_AGGRESSIVE;
				CLANG_CXX_LANGUAGE_STANDARD = "gnu++14";
				CLANG_CXX_LIBRARY = "libc++";
				CLANG_ENABLE_MODULES = YES;
				CLANG_ENABLE_OBJC_ARC = YES;
				CLANG_WARN_BLOCK_CAPTURE_AUTORELEASING = YES;
				CLANG_WARN_BOOL_CONVERSION = YES;
				CLANG_WARN_COMMA = YES;
				CLANG_WARN_CONSTANT_CONVERSION = YES;
				CLANG_WARN_DIRECT_OBJC_ISA_USAGE = YES_ERROR;
				CLANG_WARN_DOCUMENTATION_COMMENTS = YES;
				CLANG_WARN_EMPTY_BODY = YES;
				CLANG_WARN_ENUM_CONVERSION = YES;
				CLANG_WARN_INFINITE_RECURSION = YES;
				CLANG_WARN_INT_CONVERSION = YES;
				CLANG_WARN_NON_LITERAL_NULL_CONVERSION = YES;
				CLANG_WARN_OBJC_LITERAL_CONVERSION = YES;
				CLANG_WARN_OBJC_ROOT_CLASS = YES_ERROR;
				CLANG_WARN_RANGE_LOOP_ANALYSIS = YES;
				CLANG_WARN_STRICT_PROTOTYPES = YES;
				CLANG_WARN_SUSPICIOUS_MOVE = YES;
				CLANG_WARN_UNGUARDED_AVAILABILITY = YES_AGGRESSIVE;
				CLANG_WARN_UNREACHABLE_CODE = YES;
				CLANG_WARN__DUPLICATE_METHOD_MATCH = YES;
				CODE_SIGN_IDENTITY = "iPhone Developer";
				COPY_PHASE_STRIP = NO;
				DEBUG_INFORMATION_FORMAT = dwarf;
				ENABLE_STRICT_OBJC_MSGSEND = YES;
				ENABLE_TESTABILITY = YES;
				GCC_C_LANGUAGE_STANDARD = gnu11;
				GCC_DYNAMIC_NO_PIC = NO;
				GCC_NO_COMMON_BLOCKS = YES;
				GCC_OPTIMIZATION_LEVEL = 0;
				GCC_PREPROCESSOR_DEFINITIONS = (
					"DEBUG=1",
					"$(inherited)",
				);
				GCC_WARN_64_TO_32_BIT_CONVERSION = YES;
				GCC_WARN_ABOUT_RETURN_TYPE = YES_ERROR;
				GCC_WARN_UNDECLARED_SELECTOR = YES;
				GCC_WARN_UNINITIALIZED_AUTOS = YES_AGGRESSIVE;
				GCC_WARN_UNUSED_FUNCTION = YES;
				GCC_WARN_UNUSED_VARIABLE = YES;
				IPHONEOS_DEPLOYMENT_TARGET = 11.1;
				MTL_ENABLE_DEBUG_INFO = YES;
				ONLY_ACTIVE_ARCH = YES;
				SDKROOT = iphoneos;
				SWIFT_ACTIVE_COMPILATION_CONDITIONS = DEBUG;
				SWIFT_OPTIMIZATION_LEVEL = "-Onone";
			};
			name = Debug;
		};
		4BBD76771FC219FB00232BDA /* Release */ = {
			isa = XCBuildConfiguration;
			buildSettings = {
				ALWAYS_SEARCH_USER_PATHS = NO;
				CLANG_ANALYZER_NONNULL = YES;
				CLANG_ANALYZER_NUMBER_OBJECT_CONVERSION = YES_AGGRESSIVE;
				CLANG_CXX_LANGUAGE_STANDARD = "gnu++14";
				CLANG_CXX_LIBRARY = "libc++";
				CLANG_ENABLE_MODULES = YES;
				CLANG_ENABLE_OBJC_ARC = YES;
				CLANG_WARN_BLOCK_CAPTURE_AUTORELEASING = YES;
				CLANG_WARN_BOOL_CONVERSION = YES;
				CLANG_WARN_COMMA = YES;
				CLANG_WARN_CONSTANT_CONVERSION = YES;
				CLANG_WARN_DIRECT_OBJC_ISA_USAGE = YES_ERROR;
				CLANG_WARN_DOCUMENTATION_COMMENTS = YES;
				CLANG_WARN_EMPTY_BODY = YES;
				CLANG_WARN_ENUM_CONVERSION = YES;
				CLANG_WARN_INFINITE_RECURSION = YES;
				CLANG_WARN_INT_CONVERSION = YES;
				CLANG_WARN_NON_LITERAL_NULL_CONVERSION = YES;
				CLANG_WARN_OBJC_LITERAL_CONVERSION = YES;
				CLANG_WARN_OBJC_ROOT_CLASS = YES_ERROR;
				CLANG_WARN_RANGE_LOOP_ANALYSIS = YES;
				CLANG_WARN_STRICT_PROTOTYPES = YES;
				CLANG_WARN_SUSPICIOUS_MOVE = YES;
				CLANG_WARN_UNGUARDED_AVAILABILITY = YES_AGGRESSIVE;
				CLANG_WARN_UNREACHABLE_CODE = YES;
				CLANG_WARN__DUPLICATE_METHOD_MATCH = YES;
				CODE_SIGN_IDENTITY = "iPhone Developer";
				COPY_PHASE_STRIP = NO;
				DEBUG_INFORMATION_FORMAT = "dwarf-with-dsym";
				ENABLE_NS_ASSERTIONS = NO;
				ENABLE_STRICT_OBJC_MSGSEND = YES;
				GCC_C_LANGUAGE_STANDARD = gnu11;
				GCC_NO_COMMON_BLOCKS = YES;
				GCC_WARN_64_TO_32_BIT_CONVERSION = YES;
				GCC_WARN_ABOUT_RETURN_TYPE = YES_ERROR;
				GCC_WARN_UNDECLARED_SELECTOR = YES;
				GCC_WARN_UNINITIALIZED_AUTOS = YES_AGGRESSIVE;
				GCC_WARN_UNUSED_FUNCTION = YES;
				GCC_WARN_UNUSED_VARIABLE = YES;
				IPHONEOS_DEPLOYMENT_TARGET = 11.1;
				MTL_ENABLE_DEBUG_INFO = NO;
				SDKROOT = iphoneos;
				SWIFT_OPTIMIZATION_LEVEL = "-Owholemodule";
				VALIDATE_PRODUCT = YES;
			};
			name = Release;
		};
		4BBD76791FC219FB00232BDA /* Debug */ = {
			isa = XCBuildConfiguration;
			buildSettings = {
				ASSETCATALOG_COMPILER_APPICON_NAME = AppIcon;
				CODE_SIGN_STYLE = Automatic;
				DEVELOPMENT_TEAM = 767MMY44MV;
				INFOPLIST_FILE = swoosh/Info.plist;
				LD_RUNPATH_SEARCH_PATHS = "$(inherited) @executable_path/Frameworks";
				PRODUCT_BUNDLE_IDENTIFIER = com.zuehlke.laan.swoosh;
				PRODUCT_NAME = "$(TARGET_NAME)";
				SWIFT_VERSION = 4.0;
				TARGETED_DEVICE_FAMILY = "1,2";
			};
			name = Debug;
		};
		4BBD767A1FC219FB00232BDA /* Release */ = {
			isa = XCBuildConfiguration;
			buildSettings = {
				ASSETCATALOG_COMPILER_APPICON_NAME = AppIcon;
				CODE_SIGN_STYLE = Automatic;
				DEVELOPMENT_TEAM = 767MMY44MV;
				INFOPLIST_FILE = swoosh/Info.plist;
				LD_RUNPATH_SEARCH_PATHS = "$(inherited) @executable_path/Frameworks";
				PRODUCT_BUNDLE_IDENTIFIER = com.zuehlke.laan.swoosh;
				PRODUCT_NAME = "$(TARGET_NAME)";
				SWIFT_VERSION = 4.0;
				TARGETED_DEVICE_FAMILY = "1,2";
			};
			name = Release;
		};
/* End XCBuildConfiguration section */

/* Begin XCConfigurationList section */
		4BBD76611FC219FB00232BDA /* Build configuration list for PBXProject "swoosh" */ = {
			isa = XCConfigurationList;
			buildConfigurations = (
				4BBD76761FC219FB00232BDA /* Debug */,
				4BBD76771FC219FB00232BDA /* Release */,
			);
			defaultConfigurationIsVisible = 0;
			defaultConfigurationName = Release;
		};
		4BBD76781FC219FB00232BDA /* Build configuration list for PBXNativeTarget "swoosh" */ = {
			isa = XCConfigurationList;
			buildConfigurations = (
				4BBD76791FC219FB00232BDA /* Debug */,
				4BBD767A1FC219FB00232BDA /* Release */,
			);
			defaultConfigurationIsVisible = 0;
			defaultConfigurationName = Release;
		};
/* End XCConfigurationList section */
	};
	rootObject = 4BBD765E1FC219FB00232BDA /* Project object */;
}
